Microsoft Visual Studio Solution File, Format Version 12.00
# Visual Studio Version 17
VisualStudioVersion = 17.0.31903.59
MinimumVisualStudioVersion = 10.0.40219.1
Project("{FAE04EC0-301F-11D3-BF4B-00C04F79EFBC}") = "WDM", "src\WDM.App\WDM.csproj", "{6A878576-C0CB-4D59-8DCB-ACC5412BBE37}"
EndProject
Project("{2150E333-8FDC-42A3-9474-1A3956D46DE8}") = "src", "src", "{0E570B73-F538-4F6B-9327-DE4B741BB529}"
EndProject
Project("{FAE04EC0-301F-11D3-BF4B-00C04F79EFBC}") = "WDM.Tests", "src\WDM.Tests\WDM.Tests.csproj", "{A87B41FC-0170-425F-BA5D-39B726BCF0FB}"
EndProject
Project("{FAE04EC0-301F-11D3-BF4B-00C04F79EFBC}") = "WDM.Core", "src\WDM.Core\WDM.Core.csproj", "{690C9EA9-2D42-44AB-BDBE-4167E762C9A6}"
EndProject
Project("{FAE04EC0-301F-11D3-BF4B-00C04F79EFBC}") = "WDM.Media", "src\WDM.Media\WDM.Media.csproj", "{7CBD1752-CA6E-4A1E-B25F-622FE6E9D904}"
EndProject
Project("{FAE04EC0-301F-11D3-BF4B-00C04F79EFBC}") = "WDM.Engine", "src\WDM.Engine\WDM.Engine.csproj", "{A20D4F10-CBB7-4E25-8D0A-CFC2D0822D2B}"
EndProject
Project("{FAE04EC0-301F-11D3-BF4B-00C04F79EFBC}") = "WDM.Infrastructure", "src\WDM.Infrastructure\WDM.Infrastructure.csproj", "{744EAF39-2824-4A6E-A593-0A0B1F4CA008}"
EndProject
Project("{FAE04EC0-301F-11D3-BF4B-00C04F79EFBC}") = "WDM.Browser", "src\WDM.Browser\WDM.Browser.csproj", "{4098C882-0304-4240-935E-75508F6A70A4}"
EndProject
Global
	GlobalSection(SolutionConfigurationPlatforms) = preSolution
		Debug|Any CPU = Debug|Any CPU
		Release|Any CPU = Release|Any CPU
	EndGlobalSection
	GlobalSection(SolutionProperties) = preSolution
		HideSolutionNode = FALSE
	EndGlobalSection
	GlobalSection(ProjectConfigurationPlatforms) = postSolution
		{6A878576-C0CB-4D59-8DCB-ACC5412BBE37}.Debug|Any CPU.ActiveCfg = Debug|Any CPU
		{6A878576-C0CB-4D59-8DCB-ACC5412BBE37}.Debug|Any CPU.Build.0 = Debug|Any CPU
		{6A878576-C0CB-4D59-8DCB-ACC5412BBE37}.Release|Any CPU.ActiveCfg = Release|Any CPU
		{6A878576-C0CB-4D59-8DCB-ACC5412BBE37}.Release|Any CPU.Build.0 = Release|Any CPU
		{690C9EA9-2D42-44AB-BDBE-4167E762C9A6}.Debug|Any CPU.ActiveCfg = Debug|Any CPU
		{690C9EA9-2D42-44AB-BDBE-4167E762C9A6}.Debug|Any CPU.Build.0 = Debug|Any CPU
		{690C9EA9-2D42-44AB-BDBE-4167E762C9A6}.Release|Any CPU.ActiveCfg = Release|Any CPU
		{690C9EA9-2D42-44AB-BDBE-4167E762C9A6}.Release|Any CPU.Build.0 = Release|Any CPU
		{7CBD1752-CA6E-4A1E-B25F-622FE6E9D904}.Debug|Any CPU.ActiveCfg = Debug|Any CPU
		{7CBD1752-CA6E-4A1E-B25F-622FE6E9D904}.Debug|Any CPU.Build.0 = Debug|Any CPU
		{7CBD1752-CA6E-4A1E-B25F-622FE6E9D904}.Release|Any CPU.ActiveCfg = Release|Any CPU
		{7CBD1752-CA6E-4A1E-B25F-622FE6E9D904}.Release|Any CPU.Build.0 = Release|Any CPU
		{A20D4F10-CBB7-4E25-8D0A-CFC2D0822D2B}.Debug|Any CPU.ActiveCfg = Debug|Any CPU
		{A20D4F10-CBB7-4E25-8D0A-CFC2D0822D2B}.Debug|Any CPU.Build.0 = Debug|Any CPU
		{A20D4F10-CBB7-4E25-8D0A-CFC2D0822D2B}.Release|Any CPU.ActiveCfg = Release|Any CPU
		{A20D4F10-CBB7-4E25-8D0A-CFC2D0822D2B}.Release|Any CPU.Build.0 = Release|Any CPU
		{744EAF39-2824-4A6E-A593-0A0B1F4CA008}.Debug|Any CPU.ActiveCfg = Debug|Any CPU
		{744EAF39-2824-4A6E-A593-0A0B1F4CA008}.Debug|Any CPU.Build.0 = Debug|Any CPU
		{744EAF39-2824-4A6E-A593-0A0B1F4CA008}.Release|Any CPU.ActiveCfg = Release|Any CPU
		{744EAF39-2824-4A6E-A593-0A0B1F4CA008}.Release|Any CPU.Build.0 = Release|Any CPU
		{4098C882-0304-4240-935E-75508F6A70A4}.Debug|Any CPU.ActiveCfg = Debug|Any CPU
		{4098C882-0304-4240-935E-75508F6A70A4}.Debug|Any CPU.Build.0 = Debug|Any CPU
		{4098C882-0304-4240-935E-75508F6A70A4}.Release|Any CPU.ActiveCfg = Release|Any CPU
		{4098C882-0304-4240-935E-75508F6A70A4}.Release|Any CPU.Build.0 = Release|Any CPU
		{A87B41FC-0170-425F-BA5D-39B726BCF0FB}.Debug|Any CPU.ActiveCfg = Debug|Any CPU
		{A87B41FC-0170-425F-BA5D-39B726BCF0FB}.Debug|Any CPU.Build.0 = Debug|Any CPU
		{A87B41FC-0170-425F-BA5D-39B726BCF0FB}.Release|Any CPU.ActiveCfg = Release|Any CPU
		{A87B41FC-0170-425F-BA5D-39B726BCF0FB}.Release|Any CPU.Build.0 = Release|Any CPU
	EndGlobalSection
	GlobalSection(NestedProjects) = preSolution
		{6A878576-C0CB-4D59-8DCB-ACC5412BBE37} = {0E570B73-F538-4F6B-9327-DE4B741BB529}
		{690C9EA9-2D42-44AB-BDBE-4167E762C9A6} = {0E570B73-F538-4F6B-9327-DE4B741BB529}
		{7CBD1752-CA6E-4A1E-B25F-622FE6E9D904} = {0E570B73-F538-4F6B-9327-DE4B741BB529}
		{A20D4F10-CBB7-4E25-8D0A-CFC2D0822D2B} = {0E570B73-F538-4F6B-9327-DE4B741BB529}
		{744EAF39-2824-4A6E-A593-0A0B1F4CA008} = {0E570B73-F538-4F6B-9327-DE4B741BB529}
		{4098C882-0304-4240-935E-75508F6A70A4} = {0E570B73-F538-4F6B-9327-DE4B741BB529}
		{A87B41FC-0170-425F-BA5D-39B726BCF0FB} = {0E570B73-F538-4F6B-9327-DE4B741BB529}
	EndGlobalSection
EndGlobal
